// !$*UTF8*$!
{
	archiveVersion = 1;
	classes = {
	};
	objectVersion = 77;
	objects = {

/* Begin PBXBuildFile section */
		7BE76BFB2A08796CCB8F7E83 /* WarmKittyApp.swift in Sources */ = {isa = PBXBuildFile; fileRef = CE1FE93FE43EC8896345A3E5 /* WarmKittyApp.swift */; };
		A7F87059437A8B5DC992D746 /* Assets.xcassets in Resources */ = {isa = PBXBuildFile; fileRef = D4500F2209A4EAB48CFB8608 /* Assets.xcassets */; };
		B2B1EC9E5A078A0703E0592E /* web in Resources */ = {isa = PBXBuildFile; fileRef = 953665894F0A316525B72F43 /* web */; };
		C154EAA272B5B025AA17B53C /* Bridge.swift in Sources */ = {isa = PBXBuildFile; fileRef = 3F9496F5893E72FFDFE72CF8 /* Bridge.swift */; };
		C8DD5C2A07786CC9EB03934E /* main.swift in Sources */ = {isa = PBXBuildFile; fileRef = 8F6549A4DE56F0D546B28629 /* main.swift */; };
		D22976178D0F743AC841686C /* HeatingEngine.swift in Sources */ = {isa = PBXBuildFile; fileRef = B718EC76F78FEBEC6B7B8CFF /* HeatingEngine.swift */; };
		D32D324450550662865077C2 /* WebView.swift in Sources */ = {isa = PBXBuildFile; fileRef = 2EFAC1F68526529DA47EB82D /* WebView.swift */; };
		DF02D176D355E5037B28D4C4 /* GPUHeatingEngine.swift in Sources */ = {isa = PBXBuildFile; fileRef = C4CE733A02B522EB25E6406D /* GPUHeatingEngine.swift */; };
		F5A3B8EB27ACA4632C0604DE /* SessionController.swift in Sources */ = {isa = PBXBuildFile; fileRef = DC6CA4FDFF0460DE6BBC8410 /* SessionController.swift */; };
/* End PBXBuildFile section */

/* Begin PBXFileReference section */
		2EFAC1F68526529DA47EB82D /* WebView.swift */ = {isa = PBXFileReference; lastKnownFileType = sourcecode.swift; path = WebView.swift; sourceTree = "<group>"; };
		3F9496F5893E72FFDFE72CF8 /* Bridge.swift */ = {isa = PBXFileReference; lastKnownFileType = sourcecode.swift; path = Bridge.swift; sourceTree = "<group>"; };
		865B0FD4040D8C6A5D217A66 /* WarmKitty.app */ = {isa = PBXFileReference; explicitFileType = wrapper.application; includeInIndex = 0; path = WarmKitty.app; sourceTree = BUILT_PRODUCTS_DIR; };
		8F6549A4DE56F0D546B28629 /* main.swift */ = {isa = PBXFileReference; lastKnownFileType = sourcecode.swift; path = main.swift; sourceTree = "<group>"; };
		953665894F0A316525B72F43 /* web */ = {isa = PBXFileReference; lastKnownFileType = folder; name = web; path = Resources/web; sourceTree = SOURCE_ROOT; };
		B718EC76F78FEBEC6B7B8CFF /* HeatingEngine.swift */ = {isa = PBXFileReference; lastKnownFileType = sourcecode.swift; path = HeatingEngine.swift; sourceTree = "<group>"; };
		C4CE733A02B522EB25E6406D /* GPUHeatingEngine.swift */ = {isa = PBXFileReference; lastKnownFileType = sourcecode.swift; path = GPUHeatingEngine.swift; sourceTree = "<group>"; };
		CE1FE93FE43EC8896345A3E5 /* WarmKittyApp.swift */ = {isa = PBXFileReference; lastKnownFileType = sourcecode.swift; path = WarmKittyApp.swift; sourceTree = "<group>"; };
		D4500F2209A4EAB48CFB8608 /* Assets.xcassets */ = {isa = PBXFileReference; lastKnownFileType = folder.assetcatalog; path = Assets.xcassets; sourceTree = "<group>"; };
		DC6CA4FDFF0460DE6BBC8410 /* SessionController.swift */ = {isa = PBXFileReference; lastKnownFileType = sourcecode.swift; path = SessionController.swift; sourceTree = "<group>"; };
/* End PBXFileReference section */

/* Begin PBXGroup section */
		762E32FDBB878CA1857CFAB2 /* Products */ = {
			isa = PBXGroup;
			children = (
				865B0FD4040D8C6A5D217A66 /* WarmKitty.app */,
			);
			name = Products;
			sourceTree = "<group>";
		};
		87C08CBAC4D1D1AC7E4F2C9F /* Resources */ = {
			isa = PBXGroup;
			children = (
				953665894F0A316525B72F43 /* web */,
			);
			path = Resources;
			sourceTree = "<group>";
		};
		DE7741C29FC8686487C2FF2D = {
			isa = PBXGroup;
			children = (
				D4500F2209A4EAB48CFB8608 /* Assets.xcassets */,
				87C08CBAC4D1D1AC7E4F2C9F /* Resources */,
				E969236EF0921552EBC18F58 /* Sources */,
				762E32FDBB878CA1857CFAB2 /* Products */,
			);
			sourceTree = "<group>";
		};
		E969236EF0921552EBC18F58 /* Sources */ = {
			isa = PBXGroup;
			children = (
				3F9496F5893E72FFDFE72CF8 /* Bridge.swift */,
				C4CE733A02B522EB25E6406D /* GPUHeatingEngine.swift */,
				B718EC76F78FEBEC6B7B8CFF /* HeatingEngine.swift */,
				8F6549A4DE56F0D546B28629 /* main.swift */,
				DC6CA4FDFF0460DE6BBC8410 /* SessionController.swift */,
				CE1FE93FE43EC8896345A3E5 /* WarmKittyApp.swift */,
				2EFAC1F68526529DA47EB82D /* WebView.swift */,
			);
			path = Sources;
			sourceTree = "<group>";
		};
/* End PBXGroup section */

/* Begin PBXNativeTarget section */
		6160D1D1D7443E65590CF307 /* WarmKitty */ = {
			isa = PBXNativeTarget;
			buildConfigurationList = A0599CAB74CF4B3ADBF8CB13 /* Build configuration list for PBXNativeTarget "WarmKitty" */;
			buildPhases = (
				743443105EECAD6DC0C6BEF3 /* Sources */,
				341D7AC9DC4FB3B69A0820A2 /* Resources */,
			);
			buildRules = (
			);
			dependencies = (
			);
			name = WarmKitty;
			packageProductDependencies = (
			);
			productName = WarmKitty;
			productReference = 865B0FD4040D8C6A5D217A66 /* WarmKitty.app */;
			productType = "com.apple.product-type.application";
		};
/* End PBXNativeTarget section */

/* Begin PBXProject section */
		28E422B7DA1804B7DF88925E /* Project object */ = {
			isa = PBXProject;
			attributes = {
				BuildIndependentTargetsInParallel = YES;
				LastUpgradeCheck = 1430;
				TargetAttributes = {
				};
			};
			buildConfigurationList = E3886D70CE3528376985AFE8 /* Build configuration list for PBXProject "WarmKitty" */;
			developmentRegion = en;
			hasScannedForEncodings = 0;
			knownRegions = (
				Base,
				en,
			);
			mainGroup = DE7741C29FC8686487C2FF2D;
			minimizedProjectReferenceProxies = 1;
			preferredProjectObjectVersion = 77;
			productRefGroup = 762E32FDBB878CA1857CFAB2 /* Products */;
			projectDirPath = "";
			projectRoot = "";
			targets = (
				6160D1D1D7443E65590CF307 /* WarmKitty */,
			);
		};
/* End PBXProject section */

/* Begin PBXResourcesBuildPhase section */
		341D7AC9DC4FB3B69A0820A2 /* Resources */ = {
			isa = PBXResourcesBuildPhase;
			buildActionMask = 2147483647;
			files = (
				A7F87059437A8B5DC992D746 /* Assets.xcassets in Resources */,
				B2B1EC9E5A078A0703E0592E /* web in Resources */,
			);
			runOnlyForDeploymentPostprocessing = 0;
		};
/* End PBXResourcesBuildPhase section */

/* Begin PBXSourcesBuildPhase section */
		743443105EECAD6DC0C6BEF3 /* Sources */ = {
			isa = PBXSourcesBuildPhase;
			buildActionMask = 2147483647;
			files = (
				C154EAA272B5B025AA17B53C /* Bridge.swift in Sources */,
				DF02D176D355E5037B28D4C4 /* GPUHeatingEngine.swift in Sources */,
				D22976178D0F743AC841686C /* HeatingEngine.swift in Sources */,
				F5A3B8EB27ACA4632C0604DE /* SessionController.swift in Sources */,
				7BE76BFB2A08796CCB8F7E83 /* WarmKittyApp.swift in Sources */,
				D32D324450550662865077C2 /* WebView.swift in Sources */,
				C8DD5C2A07786CC9EB03934E /* main.swift in Sources */,
			);
			runOnlyForDeploymentPostprocessing = 0;
		};
/* End PBXSourcesBuildPhase section */

/* Begin XCBuildConfiguration section */
		2F788652F41FC4CF02A4BBDB /* Release */ = {
			isa = XCBuildConfiguration;
			buildSettings = {
				ASSETCATALOG_COMPILER_APPICON_NAME = AppIcon;
				COMBINE_HIDPI_IMAGES = YES;
				CURRENT_PROJECT_VERSION = 1;
				ENABLE_HARDENED_RUNTIME = YES;
				GENERATE_INFOPLIST_FILE = YES;
				INFOPLIST_KEY_CFBundleDisplayName = "Warm Kitty";
				INFOPLIST_KEY_LSApplicationCategoryType = "public.app-category.utilities";
				INFOPLIST_KEY_NSHighResolutionCapable = YES;
				LD_RUNPATH_SEARCH_PATHS = (
					"$(inherited)",
					"@executable_path/../Frameworks",
				);
				MARKETING_VERSION = 1.0.0;
				PRODUCT_BUNDLE_IDENTIFIER = com.barrybarrywu.warmkitty;
				PRODUCT_NAME = "Warm Kitty";
				SDKROOT = macosx;
				SWIFT_VERSION = 5.0;
			};
			name = Release;
		};
		5BFC3EF66709F7E6E8784529 /* Release */ = {
			isa = XCBuildConfiguration;
			buildSettings = {
				ALWAYS_SEARCH_USER_PATHS = NO;
				CLANG_ANALYZER_NONNULL = YES;
				CLANG_ANALYZER_NUMBER_OBJECT_CONVERSION = YES_AGGRESSIVE;
				CLANG_CXX_LANGUAGE_STANDARD = "gnu++14";
				CLANG_CXX_LIBRARY = "libc++";
				CLANG_ENABLE_MODULES = YES;
				CLANG_ENABLE_OBJC_ARC = YES;
				CLANG_ENABLE_OBJC_WEAK = YES;
				CLANG_WARN_BLOCK_CAPTURE_AUTORELEASING = YES;
				CLANG_WARN_BOOL_CONVERSION = YES;
				CLANG_WARN_COMMA = YES;
				CLANG_WARN_CONSTANT_CONVERSION = YES;
				CLANG_WARN_DEPRECATED_OBJC_IMPLEMENTATIONS = YES;
				CLANG_WARN_DIRECT_OBJC_ISA_USAGE = YES_ERROR;
				CLANG_WARN_DOCUMENTATION_COMMENTS = YES;
				CLANG_WARN_EMPTY_BODY = YES;
				CLANG_WARN_ENUM_CONVERSION = YES;
				CLANG_WARN_INFINITE_RECURSION = YES;
				CLANG_WARN_INT_CONVERSION = YES;
				CLANG_WARN_NON_LITERAL_NULL_CONVERSION = YES;
				CLANG_WARN_OBJC_IMPLICIT_RETAIN_SELF = YES;
				CLANG_WARN_OBJC_LITERAL_CONVERSION = YES;
				CLANG_WARN_OBJC_ROOT_CLASS = YES_ERROR;
				CLANG_WARN_QUOTED_INCLUDE_IN_FRAMEWORK_HEADER = YES;
				CLANG_WARN_RANGE_LOOP_ANALYSIS = YES;
				CLANG_WARN_STRICT_PROTOTYPES = YES;
				CLANG_WARN_SUSPICIOUS_MOVE = YES;
				CLANG_WARN_UNGUARDED_AVAILABILITY = YES_AGGRESSIVE;
				CLANG_WARN_UNREACHABLE_CODE = YES;
				CLANG_WARN__DUPLICATE_METHOD_MATCH = YES;
				COPY_PHASE_STRIP = NO;
				DEBUG_INFORMATION_FORMAT = "dwarf-with-dsym";
				ENABLE_NS_ASSERTIONS = NO;
				ENABLE_STRICT_OBJC_MSGSEND = YES;
				GCC_C_LANGUAGE_STANDARD = gnu11;
				GCC_NO_COMMON_BLOCKS = YES;
				GCC_WARN_64_TO_32_BIT_CONVERSION = YES;
				GCC_WARN_ABOUT_RETURN_TYPE = YES_ERROR;
				GCC_WARN_UNDECLARED_SELECTOR = YES;
				GCC_WARN_UNINITIALIZED_AUTOS = YES_AGGRESSIVE;
				GCC_WARN_UNUSED_FUNCTION = YES;
				GCC_WARN_UNUSED_VARIABLE = YES;
				MACOSX_DEPLOYMENT_TARGET = 13.0;
				MTL_ENABLE_DEBUG_INFO = NO;
				MTL_FAST_MATH = YES;
				PRODUCT_NAME = "$(TARGET_NAME)";
				SDKROOT = macosx;
				SWIFT_COMPILATION_MODE = wholemodule;
				SWIFT_OPTIMIZATION_LEVEL = "-O";
				SWIFT_VERSION = 5.0;
			};
			name = Release;
		};
		7B51D11AFFAC4E34B35E51D7 /* Debug */ = {
			isa = XCBuildConfiguration;
			buildSettings = {
				ASSETCATALOG_COMPILER_APPICON_NAME = AppIcon;
				COMBINE_HIDPI_IMAGES = YES;
				CURRENT_PROJECT_VERSION = 1;
				ENABLE_HARDENED_RUNTIME = YES;
				GENERATE_INFOPLIST_FILE = YES;
				INFOPLIST_KEY_CFBundleDisplayName = "Warm Kitty";
				INFOPLIST_KEY_LSApplicationCategoryType = "public.app-category.utilities";
				INFOPLIST_KEY_NSHighResolutionCapable = YES;
				LD_RUNPATH_SEARCH_PATHS = (
					"$(inherited)",
					"@executable_path/../Frameworks",
				);
				MARKETING_VERSION = 1.0.0;
				PRODUCT_BUNDLE_IDENTIFIER = com.barrybarrywu.warmkitty;
				PRODUCT_NAME = "Warm Kitty";
				SDKROOT = macosx;
				SWIFT_VERSION = 5.0;
			};
			name = Debug;
		};
		BA1F0C6A896F54DF68BE2092 /* Debug */ = {
			isa = XCBuildConfiguration;
			buildSettings = {
				ALWAYS_SEARCH_USER_PATHS = NO;
				CLANG_ANALYZER_NONNULL = YES;
				CLANG_ANALYZER_NUMBER_OBJECT_CONVERSION = YES_AGGRESSIVE;
				CLANG_CXX_LANGUAGE_STANDARD = "gnu++14";
				CLANG_CXX_LIBRARY = "libc++";
				CLANG_ENABLE_MODULES = YES;
				CLANG_ENABLE_OBJC_ARC = YES;
				CLANG_ENABLE_OBJC_WEAK = YES;
				CLANG_WARN_BLOCK_CAPTURE_AUTORELEASING = YES;
				CLANG_WARN_BOOL_CONVERSION = YES;
				CLANG_WARN_COMMA = YES;
				CLANG_WARN_CONSTANT_CONVERSION = YES;
				CLANG_WARN_DEPRECATED_OBJC_IMPLEMENTATIONS = YES;
				CLANG_WARN_DIRECT_OBJC_ISA_USAGE = YES_ERROR;
				CLANG_WARN_DOCUMENTATION_COMMENTS = YES;
				CLANG_WARN_EMPTY_BODY = YES;
				CLANG_WARN_ENUM_CONVERSION = YES;
				CLANG_WARN_INFINITE_RECURSION = YES;
				CLANG_WARN_INT_CONVERSION = YES;
				CLANG_WARN_NON_LITERAL_NULL_CONVERSION = YES;
				CLANG_WARN_OBJC_IMPLICIT_RETAIN_SELF = YES;
				CLANG_WARN_OBJC_LITERAL_CONVERSION = YES;
				CLANG_WARN_OBJC_ROOT_CLASS = YES_ERROR;
				CLANG_WARN_QUOTED_INCLUDE_IN_FRAMEWORK_HEADER = YES;
				CLANG_WARN_RANGE_LOOP_ANALYSIS = YES;
				CLANG_WARN_STRICT_PROTOTYPES = YES;
				CLANG_WARN_SUSPICIOUS_MOVE = YES;
				CLANG_WARN_UNGUARDED_AVAILABILITY = YES_AGGRESSIVE;
				CLANG_WARN_UNREACHABLE_CODE = YES;
				CLANG_WARN__DUPLICATE_METHOD_MATCH = YES;
				COPY_PHASE_STRIP = NO;
				DEBUG_INFORMATION_FORMAT = dwarf;
				ENABLE_STRICT_OBJC_MSGSEND = YES;
				ENABLE_TESTABILITY = YES;
				GCC_C_LANGUAGE_STANDARD = gnu11;
				GCC_DYNAMIC_NO_PIC = NO;
				GCC_NO_COMMON_BLOCKS = YES;
				GCC_OPTIMIZATION_LEVEL = 0;
				GCC_PREPROCESSOR_DEFINITIONS = (
					"$(inherited)",
					"DEBUG=1",
				);
				GCC_WARN_64_TO_32_BIT_CONVERSION = YES;
				GCC_WARN_ABOUT_RETURN_TYPE = YES_ERROR;
				GCC_WARN_UNDECLARED_SELECTOR = YES;
				GCC_WARN_UNINITIALIZED_AUTOS = YES_AGGRESSIVE;
				GCC_WARN_UNUSED_FUNCTION = YES;
				GCC_WARN_UNUSED_VARIABLE = YES;
				MACOSX_DEPLOYMENT_TARGET = 13.0;
				MTL_ENABLE_DEBUG_INFO = INCLUDE_SOURCE;
				MTL_FAST_MATH = YES;
				ONLY_ACTIVE_ARCH = YES;
				PRODUCT_NAME = "$(TARGET_NAME)";
				SDKROOT = macosx;
				SWIFT_ACTIVE_COMPILATION_CONDITIONS = DEBUG;
				SWIFT_OPTIMIZATION_LEVEL = "-Onone";
				SWIFT_VERSION = 5.0;
			};
			name = Debug;
		};
/* End XCBuildConfiguration section */

/* Begin XCConfigurationList section */
		A0599CAB74CF4B3ADBF8CB13 /* Build configuration list for PBXNativeTarget "WarmKitty" */ = {
			isa = XCConfigurationList;
			buildConfigurations = (
				7B51D11AFFAC4E34B35E51D7 /* Debug */,
				2F788652F41FC4CF02A4BBDB /* Release */,
			);
			defaultConfigurationIsVisible = 0;
			defaultConfigurationName = Debug;
		};
		E3886D70CE3528376985AFE8 /* Build configuration list for PBXProject "WarmKitty" */ = {
			isa = XCConfigurationList;
			buildConfigurations = (
				BA1F0C6A896F54DF68BE2092 /* Debug */,
				5BFC3EF66709F7E6E8784529 /* Release */,
			);
			defaultConfigurationIsVisible = 0;
			defaultConfigurationName = Debug;
		};
/* End XCConfigurationList section */
	};
	rootObject = 28E422B7DA1804B7DF88925E /* Project object */;
}
