// !$*UTF8*$!
{
	archiveVersion = 1;
	classes = {
	};
	objectVersion = 77;
	objects = {

/* Begin PBXBuildFile section */
		040807544E81B18BBFD869CD /* WarmSliderView.swift in Sources */ = {isa = PBXBuildFile; fileRef = A891A3DC49A4FF605C9E8648 /* WarmSliderView.swift */; };
		20885005DCF8F2738FF0311F /* SessionControllerTests.swift in Sources */ = {isa = PBXBuildFile; fileRef = 9F2A2AC12F3282A21547281D /* SessionControllerTests.swift */; };
		2D1102E2465B540300CD16FA /* SettingsStore.swift in Sources */ = {isa = PBXBuildFile; fileRef = C7EF6B453FF16D16AACF716C /* SettingsStore.swift */; };
		2D64B8D4EB0F951F30A30A08 /* LocaleManager.swift in Sources */ = {isa = PBXBuildFile; fileRef = 7069B403D58F0E87683C34DB /* LocaleManager.swift */; };
		4320DA54A7471BCA1F3AAE9C /* RootView.swift in Sources */ = {isa = PBXBuildFile; fileRef = CC1641608414F10A67166AD1 /* RootView.swift */; };
		59DEF86E9B1F10AD4CF0A70F /* CatStageView.swift in Sources */ = {isa = PBXBuildFile; fileRef = 1AD4D0C5A3A01E915E84786F /* CatStageView.swift */; };
		68845AE9B6B5FC12282458AD /* AudioController.swift in Sources */ = {isa = PBXBuildFile; fileRef = F2D1255EE8558F99F02738D8 /* AudioController.swift */; };
		6E47655F8F30C4F6972399FA /* Fonts in Resources */ = {isa = PBXBuildFile; fileRef = AAE93A1A7AEF4586D772E390 /* Fonts */; };
		7BE76BFB2A08796CCB8F7E83 /* WarmKittyApp.swift in Sources */ = {isa = PBXBuildFile; fileRef = CE1FE93FE43EC8896345A3E5 /* WarmKittyApp.swift */; };
		7F878CD9C4C12E543E126029 /* UpdateChecker.swift in Sources */ = {isa = PBXBuildFile; fileRef = 7A8F2F6B053887A12F2BC76D /* UpdateChecker.swift */; };
		84A193FC6115503AEA212CD6 /* Sparkle in Frameworks */ = {isa = PBXBuildFile; productRef = 385785BFBDE77ADB31824B19 /* Sparkle */; };
		87928113E9404FC70F0C78D4 /* Localizable.xcstrings in Resources */ = {isa = PBXBuildFile; fileRef = CED087459D5F4E34C63922A8 /* Localizable.xcstrings */; };
		8B9A2FB69C5770B3561D8301 /* ReadoutView.swift in Sources */ = {isa = PBXBuildFile; fileRef = 5912A977B67362C98BBB543B /* ReadoutView.swift */; };
		9367AF03E7DF3D0D1DE5804D /* SettingsView.swift in Sources */ = {isa = PBXBuildFile; fileRef = C26015535F58BFE74CB49FB3 /* SettingsView.swift */; };
		9372668DD462BFDECDBBDC4A /* SettingsStoreTests.swift in Sources */ = {isa = PBXBuildFile; fileRef = 7E127DFB00040416D3F8BADB /* SettingsStoreTests.swift */; };
		A7F87059437A8B5DC992D746 /* Assets.xcassets in Resources */ = {isa = PBXBuildFile; fileRef = D4500F2209A4EAB48CFB8608 /* Assets.xcassets */; };
		AF294E377D90AE538C40891F /* SettingRows.swift in Sources */ = {isa = PBXBuildFile; fileRef = 1C03B00AF72F47E52C44AD4E /* SettingRows.swift */; };
		C8DD5C2A07786CC9EB03934E /* main.swift in Sources */ = {isa = PBXBuildFile; fileRef = 8F6549A4DE56F0D546B28629 /* main.swift */; };
		CD089255C30B4FFAA3AAD7FF /* FirstRunView.swift in Sources */ = {isa = PBXBuildFile; fileRef = 43BB29954B4C5EFECF67212C /* FirstRunView.swift */; };
		D22976178D0F743AC841686C /* HeatingEngine.swift in Sources */ = {isa = PBXBuildFile; fileRef = B718EC76F78FEBEC6B7B8CFF /* HeatingEngine.swift */; };
		D25196B0235FF707D763EFC0 /* Color+Hex.swift in Sources */ = {isa = PBXBuildFile; fileRef = 2972B47441814FCFF71FCBB6 /* Color+Hex.swift */; };
		D506E758EB3D51C59F21C8F5 /* LocaleManagerTests.swift in Sources */ = {isa = PBXBuildFile; fileRef = FDF05A95E6E3C75B6051166B /* LocaleManagerTests.swift */; };
		DDA524C36BF4001E3832DB2F /* Localization.swift in Sources */ = {isa = PBXBuildFile; fileRef = 0359B65EDA91F3A26801F64B /* Localization.swift */; };
		DF02D176D355E5037B28D4C4 /* GPUHeatingEngine.swift in Sources */ = {isa = PBXBuildFile; fileRef = C4CE733A02B522EB25E6406D /* GPUHeatingEngine.swift */; };
		F5A3B8EB27ACA4632C0604DE /* SessionController.swift in Sources */ = {isa = PBXBuildFile; fileRef = DC6CA4FDFF0460DE6BBC8410 /* SessionController.swift */; };
		F834D4D36FC0DFDD2627A8B0 /* Audio in Resources */ = {isa = PBXBuildFile; fileRef = 3577C932323C71CDD66E9C71 /* Audio */; };
/* End PBXBuildFile section */

/* Begin PBXContainerItemProxy section */
		C3FF28885EB3EB1628924F46 /* PBXContainerItemProxy */ = {
			isa = PBXContainerItemProxy;
			containerPortal = 28E422B7DA1804B7DF88925E /* Project object */;
			proxyType = 1;
			remoteGlobalIDString = 6160D1D1D7443E65590CF307;
			remoteInfo = WarmKitty;
		};
/* End PBXContainerItemProxy section */

/* Begin PBXFileReference section */
		0359B65EDA91F3A26801F64B /* Localization.swift */ = {isa = PBXFileReference; lastKnownFileType = sourcecode.swift; path = Localization.swift; sourceTree = "<group>"; };
		1AD4D0C5A3A01E915E84786F /* CatStageView.swift */ = {isa = PBXFileReference; lastKnownFileType = sourcecode.swift; path = CatStageView.swift; sourceTree = "<group>"; };
		1C03B00AF72F47E52C44AD4E /* SettingRows.swift */ = {isa = PBXFileReference; lastKnownFileType = sourcecode.swift; path = SettingRows.swift; sourceTree = "<group>"; };
		2972B47441814FCFF71FCBB6 /* Color+Hex.swift */ = {isa = PBXFileReference; lastKnownFileType = sourcecode.swift; path = "Color+Hex.swift"; sourceTree = "<group>"; };
		3577C932323C71CDD66E9C71 /* Audio */ = {isa = PBXFileReference; lastKnownFileType = folder; name = Audio; path = Resources/Audio; sourceTree = SOURCE_ROOT; };
		43BB29954B4C5EFECF67212C /* FirstRunView.swift */ = {isa = PBXFileReference; lastKnownFileType = sourcecode.swift; path = FirstRunView.swift; sourceTree = "<group>"; };
		5912A977B67362C98BBB543B /* ReadoutView.swift */ = {isa = PBXFileReference; lastKnownFileType = sourcecode.swift; path = ReadoutView.swift; sourceTree = "<group>"; };
		7069B403D58F0E87683C34DB /* LocaleManager.swift */ = {isa = PBXFileReference; lastKnownFileType = sourcecode.swift; path = LocaleManager.swift; sourceTree = "<group>"; };
		7A8F2F6B053887A12F2BC76D /* UpdateChecker.swift */ = {isa = PBXFileReference; lastKnownFileType = sourcecode.swift; path = UpdateChecker.swift; sourceTree = "<group>"; };
		7E127DFB00040416D3F8BADB /* SettingsStoreTests.swift */ = {isa = PBXFileReference; lastKnownFileType = sourcecode.swift; path = SettingsStoreTests.swift; sourceTree = "<group>"; };
		865B0FD4040D8C6A5D217A66 /* WarmKitty.app */ = {isa = PBXFileReference; explicitFileType = wrapper.application; includeInIndex = 0; path = WarmKitty.app; sourceTree = BUILT_PRODUCTS_DIR; };
		8F6549A4DE56F0D546B28629 /* main.swift */ = {isa = PBXFileReference; lastKnownFileType = sourcecode.swift; path = main.swift; sourceTree = "<group>"; };
		9F2A2AC12F3282A21547281D /* SessionControllerTests.swift */ = {isa = PBXFileReference; lastKnownFileType = sourcecode.swift; path = SessionControllerTests.swift; sourceTree = "<group>"; };
		A891A3DC49A4FF605C9E8648 /* WarmSliderView.swift */ = {isa = PBXFileReference; lastKnownFileType = sourcecode.swift; path = WarmSliderView.swift; sourceTree = "<group>"; };
		AAE93A1A7AEF4586D772E390 /* Fonts */ = {isa = PBXFileReference; lastKnownFileType = folder; name = Fonts; path = Resources/Fonts; sourceTree = SOURCE_ROOT; };
		B718EC76F78FEBEC6B7B8CFF /* HeatingEngine.swift */ = {isa = PBXFileReference; lastKnownFileType = sourcecode.swift; path = HeatingEngine.swift; sourceTree = "<group>"; };
		C26015535F58BFE74CB49FB3 /* SettingsView.swift */ = {isa = PBXFileReference; lastKnownFileType = sourcecode.swift; path = SettingsView.swift; sourceTree = "<group>"; };
		C4CE733A02B522EB25E6406D /* GPUHeatingEngine.swift */ = {isa = PBXFileReference; lastKnownFileType = sourcecode.swift; path = GPUHeatingEngine.swift; sourceTree = "<group>"; };
		C7EF6B453FF16D16AACF716C /* SettingsStore.swift */ = {isa = PBXFileReference; lastKnownFileType = sourcecode.swift; path = SettingsStore.swift; sourceTree = "<group>"; };
		CC1641608414F10A67166AD1 /* RootView.swift */ = {isa = PBXFileReference; lastKnownFileType = sourcecode.swift; path = RootView.swift; sourceTree = "<group>"; };
		CE1FE93FE43EC8896345A3E5 /* WarmKittyApp.swift */ = {isa = PBXFileReference; lastKnownFileType = sourcecode.swift; path = WarmKittyApp.swift; sourceTree = "<group>"; };
		CED087459D5F4E34C63922A8 /* Localizable.xcstrings */ = {isa = PBXFileReference; lastKnownFileType = text.json.xcstrings; path = Localizable.xcstrings; sourceTree = "<group>"; };
		D4500F2209A4EAB48CFB8608 /* Assets.xcassets */ = {isa = PBXFileReference; lastKnownFileType = folder.assetcatalog; path = Assets.xcassets; sourceTree = "<group>"; };
		DC6CA4FDFF0460DE6BBC8410 /* SessionController.swift */ = {isa = PBXFileReference; lastKnownFileType = sourcecode.swift; path = SessionController.swift; sourceTree = "<group>"; };
		E226C3250B40C44E83B73DE5 /* WarmKittyTests.xctest */ = {isa = PBXFileReference; explicitFileType = wrapper.cfbundle; includeInIndex = 0; path = WarmKittyTests.xctest; sourceTree = BUILT_PRODUCTS_DIR; };
		F2D1255EE8558F99F02738D8 /* AudioController.swift */ = {isa = PBXFileReference; lastKnownFileType = sourcecode.swift; path = AudioController.swift; sourceTree = "<group>"; };
		FDF05A95E6E3C75B6051166B /* LocaleManagerTests.swift */ = {isa = PBXFileReference; lastKnownFileType = sourcecode.swift; path = LocaleManagerTests.swift; sourceTree = "<group>"; };
/* End PBXFileReference section */

/* Begin PBXFrameworksBuildPhase section */
		06875534A3160272F208D369 /* Frameworks */ = {
			isa = PBXFrameworksBuildPhase;
			buildActionMask = 2147483647;
			files = (
				84A193FC6115503AEA212CD6 /* Sparkle in Frameworks */,
			);
			runOnlyForDeploymentPostprocessing = 0;
		};
/* End PBXFrameworksBuildPhase section */

/* Begin PBXGroup section */
		24860724F066D70264D483B3 /* WarmKittyTests */ = {
			isa = PBXGroup;
			children = (
				FDF05A95E6E3C75B6051166B /* LocaleManagerTests.swift */,
				9F2A2AC12F3282A21547281D /* SessionControllerTests.swift */,
				7E127DFB00040416D3F8BADB /* SettingsStoreTests.swift */,
			);
			path = WarmKittyTests;
			sourceTree = "<group>";
		};
		762E32FDBB878CA1857CFAB2 /* Products */ = {
			isa = PBXGroup;
			children = (
				865B0FD4040D8C6A5D217A66 /* WarmKitty.app */,
				E226C3250B40C44E83B73DE5 /* WarmKittyTests.xctest */,
			);
			name = Products;
			sourceTree = "<group>";
		};
		87C08CBAC4D1D1AC7E4F2C9F /* Resources */ = {
			isa = PBXGroup;
			children = (
				3577C932323C71CDD66E9C71 /* Audio */,
				AAE93A1A7AEF4586D772E390 /* Fonts */,
				CED087459D5F4E34C63922A8 /* Localizable.xcstrings */,
			);
			path = Resources;
			sourceTree = "<group>";
		};
		90E263C20DC4D84D607F0BFA /* UI */ = {
			isa = PBXGroup;
			children = (
				1AD4D0C5A3A01E915E84786F /* CatStageView.swift */,
				43BB29954B4C5EFECF67212C /* FirstRunView.swift */,
				5912A977B67362C98BBB543B /* ReadoutView.swift */,
				CC1641608414F10A67166AD1 /* RootView.swift */,
				1C03B00AF72F47E52C44AD4E /* SettingRows.swift */,
				C26015535F58BFE74CB49FB3 /* SettingsView.swift */,
				A891A3DC49A4FF605C9E8648 /* WarmSliderView.swift */,
			);
			path = UI;
			sourceTree = "<group>";
		};
		DE7741C29FC8686487C2FF2D = {
			isa = PBXGroup;
			children = (
				D4500F2209A4EAB48CFB8608 /* Assets.xcassets */,
				87C08CBAC4D1D1AC7E4F2C9F /* Resources */,
				E969236EF0921552EBC18F58 /* Sources */,
				24860724F066D70264D483B3 /* WarmKittyTests */,
				762E32FDBB878CA1857CFAB2 /* Products */,
			);
			sourceTree = "<group>";
		};
		E969236EF0921552EBC18F58 /* Sources */ = {
			isa = PBXGroup;
			children = (
				F2D1255EE8558F99F02738D8 /* AudioController.swift */,
				2972B47441814FCFF71FCBB6 /* Color+Hex.swift */,
				C4CE733A02B522EB25E6406D /* GPUHeatingEngine.swift */,
				B718EC76F78FEBEC6B7B8CFF /* HeatingEngine.swift */,
				7069B403D58F0E87683C34DB /* LocaleManager.swift */,
				0359B65EDA91F3A26801F64B /* Localization.swift */,
				8F6549A4DE56F0D546B28629 /* main.swift */,
				DC6CA4FDFF0460DE6BBC8410 /* SessionController.swift */,
				C7EF6B453FF16D16AACF716C /* SettingsStore.swift */,
				7A8F2F6B053887A12F2BC76D /* UpdateChecker.swift */,
				CE1FE93FE43EC8896345A3E5 /* WarmKittyApp.swift */,
				90E263C20DC4D84D607F0BFA /* UI */,
			);
			path = Sources;
			sourceTree = "<group>";
		};
/* End PBXGroup section */

/* Begin PBXNativeTarget section */
		00F74F0ADC4A288E173850FE /* WarmKittyTests */ = {
			isa = PBXNativeTarget;
			buildConfigurationList = 945E6529D3823275A2C375FD /* Build configuration list for PBXNativeTarget "WarmKittyTests" */;
			buildPhases = (
				9257802FE5A4249530550318 /* Sources */,
			);
			buildRules = (
			);
			dependencies = (
				64621C53722EB10407211211 /* PBXTargetDependency */,
			);
			name = WarmKittyTests;
			packageProductDependencies = (
			);
			productName = WarmKittyTests;
			productReference = E226C3250B40C44E83B73DE5 /* WarmKittyTests.xctest */;
			productType = "com.apple.product-type.bundle.unit-test";
		};
		6160D1D1D7443E65590CF307 /* WarmKitty */ = {
			isa = PBXNativeTarget;
			buildConfigurationList = A0599CAB74CF4B3ADBF8CB13 /* Build configuration list for PBXNativeTarget "WarmKitty" */;
			buildPhases = (
				743443105EECAD6DC0C6BEF3 /* Sources */,
				341D7AC9DC4FB3B69A0820A2 /* Resources */,
				06875534A3160272F208D369 /* Frameworks */,
			);
			buildRules = (
			);
			dependencies = (
			);
			name = WarmKitty;
			packageProductDependencies = (
				385785BFBDE77ADB31824B19 /* Sparkle */,
			);
			productName = WarmKitty;
			productReference = 865B0FD4040D8C6A5D217A66 /* WarmKitty.app */;
			productType = "com.apple.product-type.application";
		};
/* End PBXNativeTarget section */

/* Begin PBXProject section */
		28E422B7DA1804B7DF88925E /* Project object */ = {
			isa = PBXProject;
			attributes = {
				BuildIndependentTargetsInParallel = YES;
				LastUpgradeCheck = 1430;
				TargetAttributes = {
				};
			};
			buildConfigurationList = E3886D70CE3528376985AFE8 /* Build configuration list for PBXProject "WarmKitty" */;
			developmentRegion = en;
			hasScannedForEncodings = 0;
			knownRegions = (
				Base,
				en,
			);
			mainGroup = DE7741C29FC8686487C2FF2D;
			minimizedProjectReferenceProxies = 1;
			packageReferences = (
				BA641589C57B4F5C200CD9D4 /* XCRemoteSwiftPackageReference "Sparkle" */,
			);
			preferredProjectObjectVersion = 77;
			productRefGroup = 762E32FDBB878CA1857CFAB2 /* Products */;
			projectDirPath = "";
			projectRoot = "";
			targets = (
				6160D1D1D7443E65590CF307 /* WarmKitty */,
				00F74F0ADC4A288E173850FE /* WarmKittyTests */,
			);
		};
/* End PBXProject section */

/* Begin PBXResourcesBuildPhase section */
		341D7AC9DC4FB3B69A0820A2 /* Resources */ = {
			isa = PBXResourcesBuildPhase;
			buildActionMask = 2147483647;
			files = (
				A7F87059437A8B5DC992D746 /* Assets.xcassets in Resources */,
				F834D4D36FC0DFDD2627A8B0 /* Audio in Resources */,
				6E47655F8F30C4F6972399FA /* Fonts in Resources */,
				87928113E9404FC70F0C78D4 /* Localizable.xcstrings in Resources */,
			);
			runOnlyForDeploymentPostprocessing = 0;
		};
/* End PBXResourcesBuildPhase section */

/* Begin PBXSourcesBuildPhase section */
		743443105EECAD6DC0C6BEF3 /* Sources */ = {
			isa = PBXSourcesBuildPhase;
			buildActionMask = 2147483647;
			files = (
				68845AE9B6B5FC12282458AD /* AudioController.swift in Sources */,
				59DEF86E9B1F10AD4CF0A70F /* CatStageView.swift in Sources */,
				D25196B0235FF707D763EFC0 /* Color+Hex.swift in Sources */,
				CD089255C30B4FFAA3AAD7FF /* FirstRunView.swift in Sources */,
				DF02D176D355E5037B28D4C4 /* GPUHeatingEngine.swift in Sources */,
				D22976178D0F743AC841686C /* HeatingEngine.swift in Sources */,
				2D64B8D4EB0F951F30A30A08 /* LocaleManager.swift in Sources */,
				DDA524C36BF4001E3832DB2F /* Localization.swift in Sources */,
				8B9A2FB69C5770B3561D8301 /* ReadoutView.swift in Sources */,
				4320DA54A7471BCA1F3AAE9C /* RootView.swift in Sources */,
				F5A3B8EB27ACA4632C0604DE /* SessionController.swift in Sources */,
				AF294E377D90AE538C40891F /* SettingRows.swift in Sources */,
				2D1102E2465B540300CD16FA /* SettingsStore.swift in Sources */,
				9367AF03E7DF3D0D1DE5804D /* SettingsView.swift in Sources */,
				7F878CD9C4C12E543E126029 /* UpdateChecker.swift in Sources */,
				7BE76BFB2A08796CCB8F7E83 /* WarmKittyApp.swift in Sources */,
				040807544E81B18BBFD869CD /* WarmSliderView.swift in Sources */,
				C8DD5C2A07786CC9EB03934E /* main.swift in Sources */,
			);
			runOnlyForDeploymentPostprocessing = 0;
		};
		9257802FE5A4249530550318 /* Sources */ = {
			isa = PBXSourcesBuildPhase;
			buildActionMask = 2147483647;
			files = (
				D506E758EB3D51C59F21C8F5 /* LocaleManagerTests.swift in Sources */,
				20885005DCF8F2738FF0311F /* SessionControllerTests.swift in Sources */,
				9372668DD462BFDECDBBDC4A /* SettingsStoreTests.swift in Sources */,
			);
			runOnlyForDeploymentPostprocessing = 0;
		};
/* End PBXSourcesBuildPhase section */

/* Begin PBXTargetDependency section */
		64621C53722EB10407211211 /* PBXTargetDependency */ = {
			isa = PBXTargetDependency;
			target = 6160D1D1D7443E65590CF307 /* WarmKitty */;
			targetProxy = C3FF28885EB3EB1628924F46 /* PBXContainerItemProxy */;
		};
/* End PBXTargetDependency section */

/* Begin XCBuildConfiguration section */
		2C11E9145065C5378FA0B537 /* Debug */ = {
			isa = XCBuildConfiguration;
			buildSettings = {
				BUNDLE_LOADER = "$(TEST_HOST)";
				COMBINE_HIDPI_IMAGES = YES;
				GENERATE_INFOPLIST_FILE = YES;
				LD_RUNPATH_SEARCH_PATHS = (
					"$(inherited)",
					"@executable_path/../Frameworks",
					"@loader_path/../Frameworks",
				);
				PRODUCT_BUNDLE_IDENTIFIER = com.barrybarrywu.WarmKittyTests;
				SDKROOT = macosx;
				TEST_HOST = "$(BUILT_PRODUCTS_DIR)/Warm Kitty.app/Contents/MacOS/Warm Kitty";
			};
			name = Debug;
		};
		2F788652F41FC4CF02A4BBDB /* Release */ = {
			isa = XCBuildConfiguration;
			buildSettings = {
				ASSETCATALOG_COMPILER_APPICON_NAME = AppIcon;
				COMBINE_HIDPI_IMAGES = YES;
				ENABLE_HARDENED_RUNTIME = YES;
				GENERATE_INFOPLIST_FILE = NO;
				INFOPLIST_FILE = Info.plist;
				LD_RUNPATH_SEARCH_PATHS = (
					"$(inherited)",
					"@executable_path/../Frameworks",
				);
				PRODUCT_BUNDLE_IDENTIFIER = com.barrybarrywu.warmkitty;
				PRODUCT_NAME = "Warm Kitty";
				SDKROOT = macosx;
				SWIFT_VERSION = 5.0;
			};
			name = Release;
		};
		5BFC3EF66709F7E6E8784529 /* Release */ = {
			isa = XCBuildConfiguration;
			buildSettings = {
				ALWAYS_SEARCH_USER_PATHS = NO;
				CLANG_ANALYZER_NONNULL = YES;
				CLANG_ANALYZER_NUMBER_OBJECT_CONVERSION = YES_AGGRESSIVE;
				CLANG_CXX_LANGUAGE_STANDARD = "gnu++14";
				CLANG_CXX_LIBRARY = "libc++";
				CLANG_ENABLE_MODULES = YES;
				CLANG_ENABLE_OBJC_ARC = YES;
				CLANG_ENABLE_OBJC_WEAK = YES;
				CLANG_WARN_BLOCK_CAPTURE_AUTORELEASING = YES;
				CLANG_WARN_BOOL_CONVERSION = YES;
				CLANG_WARN_COMMA = YES;
				CLANG_WARN_CONSTANT_CONVERSION = YES;
				CLANG_WARN_DEPRECATED_OBJC_IMPLEMENTATIONS = YES;
				CLANG_WARN_DIRECT_OBJC_ISA_USAGE = YES_ERROR;
				CLANG_WARN_DOCUMENTATION_COMMENTS = YES;
				CLANG_WARN_EMPTY_BODY = YES;
				CLANG_WARN_ENUM_CONVERSION = YES;
				CLANG_WARN_INFINITE_RECURSION = YES;
				CLANG_WARN_INT_CONVERSION = YES;
				CLANG_WARN_NON_LITERAL_NULL_CONVERSION = YES;
				CLANG_WARN_OBJC_IMPLICIT_RETAIN_SELF = YES;
				CLANG_WARN_OBJC_LITERAL_CONVERSION = YES;
				CLANG_WARN_OBJC_ROOT_CLASS = YES_ERROR;
				CLANG_WARN_QUOTED_INCLUDE_IN_FRAMEWORK_HEADER = YES;
				CLANG_WARN_RANGE_LOOP_ANALYSIS = YES;
				CLANG_WARN_STRICT_PROTOTYPES = YES;
				CLANG_WARN_SUSPICIOUS_MOVE = YES;
				CLANG_WARN_UNGUARDED_AVAILABILITY = YES_AGGRESSIVE;
				CLANG_WARN_UNREACHABLE_CODE = YES;
				CLANG_WARN__DUPLICATE_METHOD_MATCH = YES;
				COPY_PHASE_STRIP = NO;
				DEBUG_INFORMATION_FORMAT = "dwarf-with-dsym";
				ENABLE_NS_ASSERTIONS = NO;
				ENABLE_STRICT_OBJC_MSGSEND = YES;
				GCC_C_LANGUAGE_STANDARD = gnu11;
				GCC_NO_COMMON_BLOCKS = YES;
				GCC_WARN_64_TO_32_BIT_CONVERSION = YES;
				GCC_WARN_ABOUT_RETURN_TYPE = YES_ERROR;
				GCC_WARN_UNDECLARED_SELECTOR = YES;
				GCC_WARN_UNINITIALIZED_AUTOS = YES_AGGRESSIVE;
				GCC_WARN_UNUSED_FUNCTION = YES;
				GCC_WARN_UNUSED_VARIABLE = YES;
				MACOSX_DEPLOYMENT_TARGET = 13.0;
				MTL_ENABLE_DEBUG_INFO = NO;
				MTL_FAST_MATH = YES;
				PRODUCT_NAME = "$(TARGET_NAME)";
				SDKROOT = macosx;
				SWIFT_COMPILATION_MODE = wholemodule;
				SWIFT_OPTIMIZATION_LEVEL = "-O";
				SWIFT_VERSION = 5.0;
			};
			name = Release;
		};
		7B51D11AFFAC4E34B35E51D7 /* Debug */ = {
			isa = XCBuildConfiguration;
			buildSettings = {
				ASSETCATALOG_COMPILER_APPICON_NAME = AppIcon;
				COMBINE_HIDPI_IMAGES = YES;
				ENABLE_HARDENED_RUNTIME = YES;
				GENERATE_INFOPLIST_FILE = NO;
				INFOPLIST_FILE = Info.plist;
				LD_RUNPATH_SEARCH_PATHS = (
					"$(inherited)",
					"@executable_path/../Frameworks",
				);
				PRODUCT_BUNDLE_IDENTIFIER = com.barrybarrywu.warmkitty;
				PRODUCT_NAME = "Warm Kitty";
				SDKROOT = macosx;
				SWIFT_VERSION = 5.0;
			};
			name = Debug;
		};
		A7CAE80493458BB200BE27AA /* Release */ = {
			isa = XCBuildConfiguration;
			buildSettings = {
				BUNDLE_LOADER = "$(TEST_HOST)";
				COMBINE_HIDPI_IMAGES = YES;
				GENERATE_INFOPLIST_FILE = YES;
				LD_RUNPATH_SEARCH_PATHS = (
					"$(inherited)",
					"@executable_path/../Frameworks",
					"@loader_path/../Frameworks",
				);
				PRODUCT_BUNDLE_IDENTIFIER = com.barrybarrywu.WarmKittyTests;
				SDKROOT = macosx;
				TEST_HOST = "$(BUILT_PRODUCTS_DIR)/Warm Kitty.app/Contents/MacOS/Warm Kitty";
			};
			name = Release;
		};
		BA1F0C6A896F54DF68BE2092 /* Debug */ = {
			isa = XCBuildConfiguration;
			buildSettings = {
				ALWAYS_SEARCH_USER_PATHS = NO;
				CLANG_ANALYZER_NONNULL = YES;
				CLANG_ANALYZER_NUMBER_OBJECT_CONVERSION = YES_AGGRESSIVE;
				CLANG_CXX_LANGUAGE_STANDARD = "gnu++14";
				CLANG_CXX_LIBRARY = "libc++";
				CLANG_ENABLE_MODULES = YES;
				CLANG_ENABLE_OBJC_ARC = YES;
				CLANG_ENABLE_OBJC_WEAK = YES;
				CLANG_WARN_BLOCK_CAPTURE_AUTORELEASING = YES;
				CLANG_WARN_BOOL_CONVERSION = YES;
				CLANG_WARN_COMMA = YES;
				CLANG_WARN_CONSTANT_CONVERSION = YES;
				CLANG_WARN_DEPRECATED_OBJC_IMPLEMENTATIONS = YES;
				CLANG_WARN_DIRECT_OBJC_ISA_USAGE = YES_ERROR;
				CLANG_WARN_DOCUMENTATION_COMMENTS = YES;
				CLANG_WARN_EMPTY_BODY = YES;
				CLANG_WARN_ENUM_CONVERSION = YES;
				CLANG_WARN_INFINITE_RECURSION = YES;
				CLANG_WARN_INT_CONVERSION = YES;
				CLANG_WARN_NON_LITERAL_NULL_CONVERSION = YES;
				CLANG_WARN_OBJC_IMPLICIT_RETAIN_SELF = YES;
				CLANG_WARN_OBJC_LITERAL_CONVERSION = YES;
				CLANG_WARN_OBJC_ROOT_CLASS = YES_ERROR;
				CLANG_WARN_QUOTED_INCLUDE_IN_FRAMEWORK_HEADER = YES;
				CLANG_WARN_RANGE_LOOP_ANALYSIS = YES;
				CLANG_WARN_STRICT_PROTOTYPES = YES;
				CLANG_WARN_SUSPICIOUS_MOVE = YES;
				CLANG_WARN_UNGUARDED_AVAILABILITY = YES_AGGRESSIVE;
				CLANG_WARN_UNREACHABLE_CODE = YES;
				CLANG_WARN__DUPLICATE_METHOD_MATCH = YES;
				COPY_PHASE_STRIP = NO;
				DEBUG_INFORMATION_FORMAT = dwarf;
				ENABLE_STRICT_OBJC_MSGSEND = YES;
				ENABLE_TESTABILITY = YES;
				GCC_C_LANGUAGE_STANDARD = gnu11;
				GCC_DYNAMIC_NO_PIC = NO;
				GCC_NO_COMMON_BLOCKS = YES;
				GCC_OPTIMIZATION_LEVEL = 0;
				GCC_PREPROCESSOR_DEFINITIONS = (
					"$(inherited)",
					"DEBUG=1",
				);
				GCC_WARN_64_TO_32_BIT_CONVERSION = YES;
				GCC_WARN_ABOUT_RETURN_TYPE = YES_ERROR;
				GCC_WARN_UNDECLARED_SELECTOR = YES;
				GCC_WARN_UNINITIALIZED_AUTOS = YES_AGGRESSIVE;
				GCC_WARN_UNUSED_FUNCTION = YES;
				GCC_WARN_UNUSED_VARIABLE = YES;
				MACOSX_DEPLOYMENT_TARGET = 13.0;
				MTL_ENABLE_DEBUG_INFO = INCLUDE_SOURCE;
				MTL_FAST_MATH = YES;
				ONLY_ACTIVE_ARCH = YES;
				PRODUCT_NAME = "$(TARGET_NAME)";
				SDKROOT = macosx;
				SWIFT_ACTIVE_COMPILATION_CONDITIONS = DEBUG;
				SWIFT_OPTIMIZATION_LEVEL = "-Onone";
				SWIFT_VERSION = 5.0;
			};
			name = Debug;
		};
/* End XCBuildConfiguration section */

/* Begin XCConfigurationList section */
		945E6529D3823275A2C375FD /* Build configuration list for PBXNativeTarget "WarmKittyTests" */ = {
			isa = XCConfigurationList;
			buildConfigurations = (
				2C11E9145065C5378FA0B537 /* Debug */,
				A7CAE80493458BB200BE27AA /* Release */,
			);
			defaultConfigurationIsVisible = 0;
			defaultConfigurationName = Debug;
		};
		A0599CAB74CF4B3ADBF8CB13 /* Build configuration list for PBXNativeTarget "WarmKitty" */ = {
			isa = XCConfigurationList;
			buildConfigurations = (
				7B51D11AFFAC4E34B35E51D7 /* Debug */,
				2F788652F41FC4CF02A4BBDB /* Release */,
			);
			defaultConfigurationIsVisible = 0;
			defaultConfigurationName = Debug;
		};
		E3886D70CE3528376985AFE8 /* Build configuration list for PBXProject "WarmKitty" */ = {
			isa = XCConfigurationList;
			buildConfigurations = (
				BA1F0C6A896F54DF68BE2092 /* Debug */,
				5BFC3EF66709F7E6E8784529 /* Release */,
			);
			defaultConfigurationIsVisible = 0;
			defaultConfigurationName = Debug;
		};
/* End XCConfigurationList section */

/* Begin XCRemoteSwiftPackageReference section */
		BA641589C57B4F5C200CD9D4 /* XCRemoteSwiftPackageReference "Sparkle" */ = {
			isa = XCRemoteSwiftPackageReference;
			repositoryURL = "https://github.com/sparkle-project/Sparkle";
			requirement = {
				kind = upToNextMajorVersion;
				minimumVersion = 2.7.0;
			};
		};
/* End XCRemoteSwiftPackageReference section */

/* Begin XCSwiftPackageProductDependency section */
		385785BFBDE77ADB31824B19 /* Sparkle */ = {
			isa = XCSwiftPackageProductDependency;
			package = BA641589C57B4F5C200CD9D4 /* XCRemoteSwiftPackageReference "Sparkle" */;
			productName = Sparkle;
		};
/* End XCSwiftPackageProductDependency section */
	};
	rootObject = 28E422B7DA1804B7DF88925E /* Project object */;
}
